
Microsoft Visual Studio Solution File, Format Version 12.00
# Visual Studio Version 17
VisualStudioVersion = 17.5.33424.131
MinimumVisualStudioVersion = 10.0.40219.1
Project("{FAE04EC0-301F-11D3-BF4B-00C04F79EFBC}") = "modul8_1302213051", "modul8_1302213051\modul8_1302213051.csproj", "{22E7AF91-7CC3-493D-9785-7B25BB8FDE8A}"
EndProject
Global
	GlobalSection(SolutionConfigurationPlatforms) = preSolution
		Debug|Any CPU = Debug|Any CPU
		Release|Any CPU = Release|Any CPU
	EndGlobalSection
	GlobalSection(ProjectConfigurationPlatforms) = postSolution
		{22E7AF91-7CC3-493D-9785-7B25BB8FDE8A}.Debug|Any CPU.ActiveCfg = Debug|Any CPU
		{22E7AF91-7CC3-493D-9785-7B25BB8FDE8A}.Debug|Any CPU.Build.0 = Debug|Any CPU
		{22E7AF91-7CC3-493D-9785-7B25BB8FDE8A}.Release|Any CPU.ActiveCfg = Release|Any CPU
		{22E7AF91-7CC3-493D-9785-7B25BB8FDE8A}.Release|Any CPU.Build.0 = Release|Any CPU
	EndGlobalSection
	GlobalSection(SolutionProperties) = preSolution
		HideSolutionNode = FALSE
	EndGlobalSection
	GlobalSection(ExtensibilityGlobals) = postSolution
		SolutionGuid = {86933725-2E8E-4992-8766-C58AD7C82D9A}
	EndGlobalSection
EndGlobal
